
Microsoft Visual Studio Solution File, Format Version 12.00
# Visual Studio Version 17
VisualStudioVersion = 17.14.36414.22 d17.14
MinimumVisualStudioVersion = 10.0.40219.1
Project("{FAE04EC0-301F-11D3-BF4B-00C04F79EFBC}") = "SP10Plus", "SP10Plus.csproj", "{FA40CD4B-94DC-47F1-A446-F20286E81C7F}"
EndProject
Global
	GlobalSection(SolutionConfigurationPlatforms) = preSolution
		Debug|Any CPU = Debug|Any CPU
		Release|Any CPU = Release|Any CPU
	EndGlobalSection
	GlobalSection(ProjectConfigurationPlatforms) = postSolution
		{FA40CD4B-94DC-47F1-A446-F20286E81C7F}.Debug|Any CPU.ActiveCfg = Debug|Any CPU
		{FA40CD4B-94DC-47F1-A446-F20286E81C7F}.Debug|Any CPU.Build.0 = Debug|Any CPU
		{FA40CD4B-94DC-47F1-A446-F20286E81C7F}.Release|Any CPU.ActiveCfg = Release|Any CPU
		{FA40CD4B-94DC-47F1-A446-F20286E81C7F}.Release|Any CPU.Build.0 = Release|Any CPU
	EndGlobalSection
	GlobalSection(SolutionProperties) = preSolution
		HideSolutionNode = FALSE
	EndGlobalSection
	GlobalSection(ExtensibilityGlobals) = postSolution
		SolutionGuid = {CF60628A-B17F-4ED4-A29F-8EA2DA24C9CF}
	EndGlobalSection
EndGlobal
